PODS:
  - FlutterMacOS (1.0.0)
  - stts (1.0.0):
    - FlutterMacOS

DEPENDENCIES:
  - FlutterMacOS (from `Flutter/ephemeral`)
  - stts (from `Flutter/ephemeral/.symlinks/plugins/stts/macos`)

EXTERNAL SOURCES:
  FlutterMacOS:
    :path: Flutter/ephemeral
  stts:
    :path: Flutter/ephemeral/.symlinks/plugins/stts/macos

SPEC CHECKSUMS:
  FlutterMacOS: 8f6f14fa908a6fb3fba0cd85dbd81ec4b251fb24
  stts: 5dc8d2e7b6c50673f84886ecee9c211ac7b2d2df

PODFILE CHECKSUM: 54d867c82ac51cbd61b565781b9fada492027009

COCOAPODS: 1.16.2
